
Microsoft Visual Studio Solution File, Format Version 12.00
# Visual Studio Version 17
VisualStudioVersion = 17.7.34221.43
MinimumVisualStudioVersion = 10.0.40219.1
Project("{FAE04EC0-301F-11D3-BF4B-00C04F79EFBC}") = "ShowDamage", "ShowDamage.csproj", "{7861D245-A187-45C6-9229-4D690CDADB75}"
EndProject
Global
	GlobalSection(SolutionConfigurationPlatforms) = preSolution
		Debug|Any CPU = Debug|Any CPU
		Release|Any CPU = Release|Any CPU
	EndGlobalSection
	GlobalSection(ProjectConfigurationPlatforms) = postSolution
		{7861D245-A187-45C6-9229-4D690CDADB75}.Debug|Any CPU.ActiveCfg = Debug|Any CPU
		{7861D245-A187-45C6-9229-4D690CDADB75}.Debug|Any CPU.Build.0 = Debug|Any CPU
		{7861D245-A187-45C6-9229-4D690CDADB75}.Release|Any CPU.ActiveCfg = Release|Any CPU
		{7861D245-A187-45C6-9229-4D690CDADB75}.Release|Any CPU.Build.0 = Release|Any CPU
	EndGlobalSection
	GlobalSection(SolutionProperties) = preSolution
		HideSolutionNode = FALSE
	EndGlobalSection
	GlobalSection(ExtensibilityGlobals) = postSolution
		SolutionGuid = {46A2EEFB-01F3-495E-A9ED-93A9D6D0EBED}
	EndGlobalSection
EndGlobal
